github.com/Tarocch1/kid v0.6.1 h1:HBAP6Lr0f5Sa1Qqo47F3JVqjYI83HZgf9mJYi50jj18=
github.com/Tarocch1/kid v0.6.1/go.mod h1:82oSzgPeA6pydgTSC4EVsSG9jQQumbtyxBGuD+vZXsM=
github.com/google/uuid v1.3.0 h1:t6JiXgmwXMjEs8VusXIJk2BXHsn+wx8BZdTaoZ5fu7I=
github.com/google/uuid v1.3.0/go.mod h1:TIyPZe4MgqvfeYDBFedMoGGpEw/LqOeaOT+nhxU+yHo=
